
Microsoft Visual Studio Solution File, Format Version 12.00
# Visual Studio 2012
Project("{FAE04EC0-301F-11D3-BF4B-00C04F79EFBC}") = "TodoMvc", "TodoMvc\TodoMvc.csproj", "{F6EFE82B-8860-4C72-9DD8-420FCF80C288}"
EndProject
Global
	GlobalSection(SolutionConfigurationPlatforms) = preSolution
		Debug|Any CPU = Debug|Any CPU
		Release|Any CPU = Release|Any CPU
	EndGlobalSection
	GlobalSection(ProjectConfigurationPlatforms) = postSolution
		{F6EFE82B-8860-4C72-9DD8-420FCF80C288}.Debug|Any CPU.ActiveCfg = Debug|Any CPU
		{F6EFE82B-8860-4C72-9DD8-420FCF80C288}.Debug|Any CPU.Build.0 = Debug|Any CPU
		{F6EFE82B-8860-4C72-9DD8-420FCF80C288}.Release|Any CPU.ActiveCfg = Release|Any CPU
		{F6EFE82B-8860-4C72-9DD8-420FCF80C288}.Release|Any CPU.Build.0 = Release|Any CPU
	EndGlobalSection
EndGlobal
